
Microsoft Visual Studio Solution File, Format Version 12.00
Project("{FAE04EC0-301F-11D3-BF4B-00C04F79EFBC}") = "mft", "mft\mft.csproj", "{5BF40F6F-FB3C-47D3-A287-1E85013E62F7}"
EndProject
Project("{FAE04EC0-301F-11D3-BF4B-00C04F79EFBC}") = "mft.tests", "mft.tests\mft.tests.csproj", "{2471030E-DC7C-4A66-807C-5BE6945D9B82}"
EndProject
Global
	GlobalSection(SolutionConfigurationPlatforms) = preSolution
		Debug|Any CPU = Debug|Any CPU
		Release|Any CPU = Release|Any CPU
	EndGlobalSection
	GlobalSection(ProjectConfigurationPlatforms) = postSolution
		{5BF40F6F-FB3C-47D3-A287-1E85013E62F7}.Debug|Any CPU.ActiveCfg = Debug|Any CPU
		{5BF40F6F-FB3C-47D3-A287-1E85013E62F7}.Debug|Any CPU.Build.0 = Debug|Any CPU
		{5BF40F6F-FB3C-47D3-A287-1E85013E62F7}.Release|Any CPU.ActiveCfg = Release|Any CPU
		{5BF40F6F-FB3C-47D3-A287-1E85013E62F7}.Release|Any CPU.Build.0 = Release|Any CPU
		{2471030E-DC7C-4A66-807C-5BE6945D9B82}.Debug|Any CPU.ActiveCfg = Debug|Any CPU
		{2471030E-DC7C-4A66-807C-5BE6945D9B82}.Debug|Any CPU.Build.0 = Debug|Any CPU
		{2471030E-DC7C-4A66-807C-5BE6945D9B82}.Release|Any CPU.ActiveCfg = Release|Any CPU
		{2471030E-DC7C-4A66-807C-5BE6945D9B82}.Release|Any CPU.Build.0 = Release|Any CPU
	EndGlobalSection
EndGlobal
